
Microsoft Visual Studio Solution File, Format Version 12.00
# Visual Studio Version 16
VisualStudioVersion = 16.0.31729.503
MinimumVisualStudioVersion = 10.0.40219.1
Project("{FAE04EC0-301F-11D3-BF4B-00C04F79EFBC}") = "Tetse", "Tetse.csproj", "{EAA2DC8A-0E78-4BC5-92EF-AA354037D70D}"
EndProject
Global
	GlobalSection(SolutionConfigurationPlatforms) = preSolution
		Debug|Any CPU = Debug|Any CPU
		Release|Any CPU = Release|Any CPU
	EndGlobalSection
	GlobalSection(ProjectConfigurationPlatforms) = postSolution
		{EAA2DC8A-0E78-4BC5-92EF-AA354037D70D}.Debug|Any CPU.ActiveCfg = Debug|Any CPU
		{EAA2DC8A-0E78-4BC5-92EF-AA354037D70D}.Debug|Any CPU.Build.0 = Debug|Any CPU
		{EAA2DC8A-0E78-4BC5-92EF-AA354037D70D}.Release|Any CPU.ActiveCfg = Release|Any CPU
		{EAA2DC8A-0E78-4BC5-92EF-AA354037D70D}.Release|Any CPU.Build.0 = Release|Any CPU
	EndGlobalSection
	GlobalSection(SolutionProperties) = preSolution
		HideSolutionNode = FALSE
	EndGlobalSection
	GlobalSection(ExtensibilityGlobals) = postSolution
		SolutionGuid = {245B0ECE-8149-4204-8EC5-181A075FE34F}
	EndGlobalSection
EndGlobal
